
Microsoft Visual Studio Solution File, Format Version 12.00
# Visual Studio 15
VisualStudioVersion = 15.0.27703.2042
MinimumVisualStudioVersion = 10.0.40219.1
Project("{9A19103F-16F7-4668-BE54-9A1E7A4F7556}") = "Metro2036.Models", "Metro2036.Models\Metro2036.Models.csproj", "{6DF71560-42B4-439F-BE85-CEFF6354FE96}"
EndProject
Project("{9A19103F-16F7-4668-BE54-9A1E7A4F7556}") = "Metro2036.Data", "Metro2036.Data\Metro2036.Data.csproj", "{592F54EA-13D3-42FE-84BD-627FC5D4BD27}"
EndProject
Project("{FAE04EC0-301F-11D3-BF4B-00C04F79EFBC}") = "Metro2036.Web", "Metro2036.Web\Metro2036.Web.csproj", "{84EED98D-EB0F-4596-ABDC-319BCB506D1E}"
EndProject
Global
	GlobalSection(SolutionConfigurationPlatforms) = preSolution
		Debug|Any CPU = Debug|Any CPU
		Release|Any CPU = Release|Any CPU
	EndGlobalSection
	GlobalSection(ProjectConfigurationPlatforms) = postSolution
		{6DF71560-42B4-439F-BE85-CEFF6354FE96}.Debug|Any CPU.ActiveCfg = Debug|Any CPU
		{6DF71560-42B4-439F-BE85-CEFF6354FE96}.Debug|Any CPU.Build.0 = Debug|Any CPU
		{6DF71560-42B4-439F-BE85-CEFF6354FE96}.Release|Any CPU.ActiveCfg = Release|Any CPU
		{6DF71560-42B4-439F-BE85-CEFF6354FE96}.Release|Any CPU.Build.0 = Release|Any CPU
		{592F54EA-13D3-42FE-84BD-627FC5D4BD27}.Debug|Any CPU.ActiveCfg = Debug|Any CPU
		{592F54EA-13D3-42FE-84BD-627FC5D4BD27}.Debug|Any CPU.Build.0 = Debug|Any CPU
		{592F54EA-13D3-42FE-84BD-627FC5D4BD27}.Release|Any CPU.ActiveCfg = Release|Any CPU
		{592F54EA-13D3-42FE-84BD-627FC5D4BD27}.Release|Any CPU.Build.0 = Release|Any CPU
		{84EED98D-EB0F-4596-ABDC-319BCB506D1E}.Debug|Any CPU.ActiveCfg = Debug|Any CPU
		{84EED98D-EB0F-4596-ABDC-319BCB506D1E}.Debug|Any CPU.Build.0 = Debug|Any CPU
		{84EED98D-EB0F-4596-ABDC-319BCB506D1E}.Release|Any CPU.ActiveCfg = Release|Any CPU
		{84EED98D-EB0F-4596-ABDC-319BCB506D1E}.Release|Any CPU.Build.0 = Release|Any CPU
	EndGlobalSection
	GlobalSection(SolutionProperties) = preSolution
		HideSolutionNode = FALSE
	EndGlobalSection
	GlobalSection(ExtensibilityGlobals) = postSolution
		SolutionGuid = {A5017F2E-B5E0-4A53-B99A-A683192BD469}
	EndGlobalSection
EndGlobal
